
Microsoft Visual Studio Solution File, Format Version 12.00
# Visual Studio 15
VisualStudioVersion = 15.0.26228.9
MinimumVisualStudioVersion = 10.0.40219.1
Project("{FAE04EC0-301F-11D3-BF4B-00C04F79EFBC}") = "MorseCode", "MorseCode\MorseCode.csproj", "{E6BA2D33-7FF8-4032-B0F5-EF48FF450D7A}"
EndProject
Project("{2150E333-8FDC-42A3-9474-1A3956D46DE8}") = "Solution Items", "Solution Items", "{21C6D384-AF3F-4B6D-AF9B-13F1AEF89D8E}"
	ProjectSection(SolutionItems) = preProject
		MorseCode\bin\Debug\morse.csv = MorseCode\bin\Debug\morse.csv
		MorseCode\bin\Debug\useranswer.csv = MorseCode\bin\Debug\useranswer.csv
	EndProjectSection
EndProject
Global
	GlobalSection(SolutionConfigurationPlatforms) = preSolution
		Debug|Any CPU = Debug|Any CPU
		Release|Any CPU = Release|Any CPU
	EndGlobalSection
	GlobalSection(ProjectConfigurationPlatforms) = postSolution
		{E6BA2D33-7FF8-4032-B0F5-EF48FF450D7A}.Debug|Any CPU.ActiveCfg = Debug|Any CPU
		{E6BA2D33-7FF8-4032-B0F5-EF48FF450D7A}.Debug|Any CPU.Build.0 = Debug|Any CPU
		{E6BA2D33-7FF8-4032-B0F5-EF48FF450D7A}.Release|Any CPU.ActiveCfg = Release|Any CPU
		{E6BA2D33-7FF8-4032-B0F5-EF48FF450D7A}.Release|Any CPU.Build.0 = Release|Any CPU
	EndGlobalSection
	GlobalSection(SolutionProperties) = preSolution
		HideSolutionNode = FALSE
	EndGlobalSection
EndGlobal
